// !$*UTF8*$!
{
	archiveVersion = 1;
	classes = {
	};
	objectVersion = 50;
	objects = {

/* Begin PBXBuildFile section */
		AD29F15724BE494BC5C33550 /* libPods-TikTok.a in Frameworks */ = {isa = PBXBuildFile; fileRef = 5E68C2798B1D78B1D028181A /* libPods-TikTok.a */; };
		C2358FB721F74B0200298E14 /* TTUserModel.m in Sources */ = {isa = PBXBuildFile; fileRef = C2358FB621F74B0200298E14 /* TTUserModel.m */; };
		C2358FB921F74B1F00298E14 /* user.json in Resources */ = {isa = PBXBuildFile; fileRef = C2358FB821F74B1F00298E14 /* user.json */; };
		C2358FBB21F7577300298E14 /* awemes.json in Resources */ = {isa = PBXBuildFile; fileRef = C2358FBA21F7577300298E14 /* awemes.json */; };
		C2358FBE21F8A15900298E14 /* TTMusicAlbumView.m in Sources */ = {isa = PBXBuildFile; fileRef = C2358FBD21F8A15900298E14 /* TTMusicAlbumView.m */; };
		C2358FC121F8AA9800298E14 /* TTPlayerView.m in Sources */ = {isa = PBXBuildFile; fileRef = C2358FC021F8AA9800298E14 /* TTPlayerView.m */; };
		C2A6AFA221FD74A7002EE4B1 /* WebCacheHelpler.m in Sources */ = {isa = PBXBuildFile; fileRef = C2A6AFA121FD74A7002EE4B1 /* WebCacheHelpler.m */; };
		D059B64921F6A81B004E4FC0 /* UIButton+ButtonStyle.m in Sources */ = {isa = PBXBuildFile; fileRef = D059B64721F6A81A004E4FC0 /* UIButton+ButtonStyle.m */; };
		D059B64D21F6CFE5004E4FC0 /* TTBaseView.m in Sources */ = {isa = PBXBuildFile; fileRef = D059B64C21F6CFE4004E4FC0 /* TTBaseView.m */; };
		D059B65221F6D07B004E4FC0 /* TTBaseModel.m in Sources */ = {isa = PBXBuildFile; fileRef = D059B65121F6D07B004E4FC0 /* TTBaseModel.m */; };
		D059B65521F6D0D0004E4FC0 /* TTRightItemView.m in Sources */ = {isa = PBXBuildFile; fileRef = D059B65421F6D0D0004E4FC0 /* TTRightItemView.m */; };
		D059B65721F6E6D4004E4FC0 /* Launch Screen.storyboard in Resources */ = {isa = PBXBuildFile; fileRef = D059B65621F6E6D4004E4FC0 /* Launch Screen.storyboard */; };
		D059B65A21F6F766004E4FC0 /* AppDelegate+Category.m in Sources */ = {isa = PBXBuildFile; fileRef = D059B65921F6F766004E4FC0 /* AppDelegate+Category.m */; };
		D059B65E21F6FB1B004E4FC0 /* TTHoverViewFlowLayout.m in Sources */ = {isa = PBXBuildFile; fileRef = D059B65D21F6FB1B004E4FC0 /* TTHoverViewFlowLayout.m */; };
		D059B66221F6FC6C004E4FC0 /* TTBaseCollectionViewCell.m in Sources */ = {isa = PBXBuildFile; fileRef = D059B66121F6FC6C004E4FC0 /* TTBaseCollectionViewCell.m */; };
		D059B66621F6FD2E004E4FC0 /* TTBaseCollectionReusableView.m in Sources */ = {isa = PBXBuildFile; fileRef = D059B66521F6FD2E004E4FC0 /* TTBaseCollectionReusableView.m */; };
		D059B66C21F6FDFF004E4FC0 /* TTProfileCollectionViewCell.m in Sources */ = {isa = PBXBuildFile; fileRef = D059B66B21F6FDFF004E4FC0 /* TTProfileCollectionViewCell.m */; };
		D059B66F21F6FE38004E4FC0 /* TTProfileHeaderCollectionReusableView.m in Sources */ = {isa = PBXBuildFile; fileRef = D059B66E21F6FE38004E4FC0 /* TTProfileHeaderCollectionReusableView.m */; };
		D059B67321F71916004E4FC0 /* TTSlideTabBar.m in Sources */ = {isa = PBXBuildFile; fileRef = D059B67221F71916004E4FC0 /* TTSlideTabBar.m */; };
		D059B67621F80720004E4FC0 /* TTAwemeModel.m in Sources */ = {isa = PBXBuildFile; fileRef = D059B67521F80720004E4FC0 /* TTAwemeModel.m */; };
		D059B67A21F84624004E4FC0 /* TTVideoViewController.m in Sources */ = {isa = PBXBuildFile; fileRef = D059B67921F84624004E4FC0 /* TTVideoViewController.m */; };
		D059B67F21F84EFC004E4FC0 /* TTBaseTableViewCell.m in Sources */ = {isa = PBXBuildFile; fileRef = D059B67E21F84EFC004E4FC0 /* TTBaseTableViewCell.m */; };
		D059B68321F84FD2004E4FC0 /* TTHomeTableViewCell.m in Sources */ = {isa = PBXBuildFile; fileRef = D059B68221F84FD2004E4FC0 /* TTHomeTableViewCell.m */; };
		D07BB12B22056A4D0045482B /* TTLikesView.m in Sources */ = {isa = PBXBuildFile; fileRef = D07BB12A22056A4D0045482B /* TTLikesView.m */; };
		D08A0BB821F5661C00F8D7D9 /* AppDelegate.m in Sources */ = {isa = PBXBuildFile; fileRef = D08A0BB721F5661C00F8D7D9 /* AppDelegate.m */; };
		D08A0BC021F5661D00F8D7D9 /* Assets.xcassets in Resources */ = {isa = PBXBuildFile; fileRef = D08A0BBF21F5661D00F8D7D9 /* Assets.xcassets */; };
		D08A0BC621F5661D00F8D7D9 /* main.m in Sources */ = {isa = PBXBuildFile; fileRef = D08A0BC521F5661D00F8D7D9 /* main.m */; };
		D08A0BD021F5661D00F8D7D9 /* TikTokTests.m in Sources */ = {isa = PBXBuildFile; fileRef = D08A0BCF21F5661D00F8D7D9 /* TikTokTests.m */; };
		D08A0BDB21F5661D00F8D7D9 /* TikTokUITests.m in Sources */ = {isa = PBXBuildFile; fileRef = D08A0BDA21F5661D00F8D7D9 /* TikTokUITests.m */; };
		D08A0C0221F5685A00F8D7D9 /* UIImage+ScaleImage.m in Sources */ = {isa = PBXBuildFile; fileRef = D08A0BF421F5685A00F8D7D9 /* UIImage+ScaleImage.m */; };
		D08A0C0321F5685A00F8D7D9 /* UIView+Category.m in Sources */ = {isa = PBXBuildFile; fileRef = D08A0BF521F5685A00F8D7D9 /* UIView+Category.m */; };
		D08A0C0421F5685A00F8D7D9 /* UIColor+Theme.m in Sources */ = {isa = PBXBuildFile; fileRef = D08A0BF621F5685A00F8D7D9 /* UIColor+Theme.m */; };
		D08A0C0521F5685A00F8D7D9 /* UIViewController+WDNavigatonBarAppearance.m in Sources */ = {isa = PBXBuildFile; fileRef = D08A0BF721F5685A00F8D7D9 /* UIViewController+WDNavigatonBarAppearance.m */; };
		D08A0C0621F5685A00F8D7D9 /* UIImage+Zip.m in Sources */ = {isa = PBXBuildFile; fileRef = D08A0BF821F5685A00F8D7D9 /* UIImage+Zip.m */; };
		D08A0C0721F5685A00F8D7D9 /* NSString+Category.m in Sources */ = {isa = PBXBuildFile; fileRef = D08A0BF921F5685A00F8D7D9 /* NSString+Category.m */; };
		D08A0C0821F5685A00F8D7D9 /* UIView+WDBlocksKit.m in Sources */ = {isa = PBXBuildFile; fileRef = D08A0BFA21F5685A00F8D7D9 /* UIView+WDBlocksKit.m */; };
		D08A0C0921F5685A00F8D7D9 /* Foundation+Log.m in Sources */ = {isa = PBXBuildFile; fileRef = D08A0BFB21F5685A00F8D7D9 /* Foundation+Log.m */; };
		D08A0C0A21F5685A00F8D7D9 /* UIGestureRecognizer+WDExtension.m in Sources */ = {isa = PBXBuildFile; fileRef = D08A0BFC21F5685A00F8D7D9 /* UIGestureRecognizer+WDExtension.m */; };
		D08A0C0B21F5685A00F8D7D9 /* UIFont+Category.m in Sources */ = {isa = PBXBuildFile; fileRef = D08A0BFD21F5685A00F8D7D9 /* UIFont+Category.m */; };
		D08A0C1021F568C100F8D7D9 /* TTBaseNavigationViewController.m in Sources */ = {isa = PBXBuildFile; fileRef = D08A0C0F21F568C100F8D7D9 /* TTBaseNavigationViewController.m */; };
		D08A0C1321F568DB00F8D7D9 /* TTTabBarControllerConfig.m in Sources */ = {isa = PBXBuildFile; fileRef = D08A0C1221F568DB00F8D7D9 /* TTTabBarControllerConfig.m */; };
		D08A0C1621F569AE00F8D7D9 /* TTRootViewController.m in Sources */ = {isa = PBXBuildFile; fileRef = D08A0C1521F569AE00F8D7D9 /* TTRootViewController.m */; };
		D08A0C2121F572EE00F8D7D9 /* TTBaseViewController.m in Sources */ = {isa = PBXBuildFile; fileRef = D08A0C2021F572EE00F8D7D9 /* TTBaseViewController.m */; };
		D08A0C2421F5730F00F8D7D9 /* TTHomeViewController.m in Sources */ = {isa = PBXBuildFile; fileRef = D08A0C2321F5730F00F8D7D9 /* TTHomeViewController.m */; };
		D08A0C2721F5732300F8D7D9 /* TTAttentionViewController.m in Sources */ = {isa = PBXBuildFile; fileRef = D08A0C2621F5732300F8D7D9 /* TTAttentionViewController.m */; };
		D08A0C2A21F5732F00F8D7D9 /* TTMessageViewController.m in Sources */ = {isa = PBXBuildFile; fileRef = D08A0C2921F5732F00F8D7D9 /* TTMessageViewController.m */; };
		D08A0C2D21F5733B00F8D7D9 /* TTMineViewController.m in Sources */ = {isa = PBXBuildFile; fileRef = D08A0C2C21F5733B00F8D7D9 /* TTMineViewController.m */; };
		D08A0C3021F5940A00F8D7D9 /* TTPlusButtonSubclass.m in Sources */ = {isa = PBXBuildFile; fileRef = D08A0C2F21F5940A00F8D7D9 /* TTPlusButtonSubclass.m */; };
		D08A0C3421F594E700F8D7D9 /* TTPublishViewController.m in Sources */ = {isa = PBXBuildFile; fileRef = D08A0C3321F594E700F8D7D9 /* TTPublishViewController.m */; };
		D08A0C3821F5BDC900F8D7D9 /* TTTools.m in Sources */ = {isa = PBXBuildFile; fileRef = D08A0C3721F5BDC900F8D7D9 /* TTTools.m */; };
		D0EB58C921F952E700F1AB74 /* TTScrollLabel.m in Sources */ = {isa = PBXBuildFile; fileRef = D0EB58C821F952E700F1AB74 /* TTScrollLabel.m */; };
		D0EB58D021F959BD00F1AB74 /* TTInteractiveTransition.m in Sources */ = {isa = PBXBuildFile; fileRef = D0EB58CF21F959BD00F1AB74 /* TTInteractiveTransition.m */; };
		D0EB58D421F95A9C00F1AB74 /* TTCommentViewController.m in Sources */ = {isa = PBXBuildFile; fileRef = D0EB58D321F95A9C00F1AB74 /* TTCommentViewController.m */; };
		D0EB58DA21F98F0C00F1AB74 /* TTPresentingAnimator.m in Sources */ = {isa = PBXBuildFile; fileRef = D0EB58D921F98F0C00F1AB74 /* TTPresentingAnimator.m */; };
		D0EB58DD21F98F1B00F1AB74 /* TTDismissingAnimator.m in Sources */ = {isa = PBXBuildFile; fileRef = D0EB58DC21F98F1B00F1AB74 /* TTDismissingAnimator.m */; };
		D0EB58E021F9975E00F1AB74 /* TTNavigationView.m in Sources */ = {isa = PBXBuildFile; fileRef = D0EB58DF21F9975E00F1AB74 /* TTNavigationView.m */; };
		D0EB58E521F9AE7400F1AB74 /* TTCommentShowView.m in Sources */ = {isa = PBXBuildFile; fileRef = D0EB58E421F9AE7400F1AB74 /* TTCommentShowView.m */; };
		D0F18F5E21FA9960007D6AB7 /* TTShareShowView.m in Sources */ = {isa = PBXBuildFile; fileRef = D0F18F5D21FA9960007D6AB7 /* TTShareShowView.m */; };
		D0F18F6121FAB022007D6AB7 /* TTAnimationButton.m in Sources */ = {isa = PBXBuildFile; fileRef = D0F18F6021FAB022007D6AB7 /* TTAnimationButton.m */; };
		D0F18F6421FAFB26007D6AB7 /* TTAVPlayerManager.m in Sources */ = {isa = PBXBuildFile; fileRef = D0F18F6321FAFB26007D6AB7 /* TTAVPlayerManager.m */; };
/* End PBXBuildFile section */

/* Begin PBXContainerItemProxy section */
		D08A0BCC21F5661D00F8D7D9 /* PBXContainerItemProxy */ = {
			isa = PBXContainerItemProxy;
			containerPortal = D08A0BAB21F5661C00F8D7D9 /* Project object */;
			proxyType = 1;
			remoteGlobalIDString = D08A0BB221F5661C00F8D7D9;
			remoteInfo = TikTok;
		};
		D08A0BD721F5661D00F8D7D9 /* PBXContainerItemProxy */ = {
			isa = PBXContainerItemProxy;
			containerPortal = D08A0BAB21F5661C00F8D7D9 /* Project object */;
			proxyType = 1;
			remoteGlobalIDString = D08A0BB221F5661C00F8D7D9;
			remoteInfo = TikTok;
		};
/* End PBXContainerItemProxy section */

/* Begin PBXFileReference section */
		093B1A2D34F4B29600135086 /* Pods-TikTok.debug.xcconfig */ = {isa = PBXFileReference; includeInIndex = 1; lastKnownFileType = text.xcconfig; name = "Pods-TikTok.debug.xcconfig"; path = "Pods/Target Support Files/Pods-TikTok/Pods-TikTok.debug.xcconfig"; sourceTree = "<group>"; };
		5E68C2798B1D78B1D028181A /* libPods-TikTok.a */ = {isa = PBXFileReference; explicitFileType = archive.ar; includeInIndex = 0; path = "libPods-TikTok.a"; sourceTree = BUILT_PRODUCTS_DIR; };
		C2358FB521F74B0200298E14 /* TTUserModel.h */ = {isa = PBXFileReference; lastKnownFileType = sourcecode.c.h; path = TTUserModel.h; sourceTree = "<group>"; };
		C2358FB621F74B0200298E14 /* TTUserModel.m */ = {isa = PBXFileReference; lastKnownFileType = sourcecode.c.objc; path = TTUserModel.m; sourceTree = "<group>"; };
		C2358FB821F74B1F00298E14 /* user.json */ = {isa = PBXFileReference; fileEncoding = 4; lastKnownFileType = text.json; path = user.json; sourceTree = "<group>"; };
		C2358FBA21F7577300298E14 /* awemes.json */ = {isa = PBXFileReference; fileEncoding = 4; lastKnownFileType = text.json; path = awemes.json; sourceTree = "<group>"; };
		C2358FBC21F8A15900298E14 /* TTMusicAlbumView.h */ = {isa = PBXFileReference; lastKnownFileType = sourcecode.c.h; path = TTMusicAlbumView.h; sourceTree = "<group>"; };
		C2358FBD21F8A15900298E14 /* TTMusicAlbumView.m */ = {isa = PBXFileReference; lastKnownFileType = sourcecode.c.objc; path = TTMusicAlbumView.m; sourceTree = "<group>"; };
		C2358FBF21F8AA9800298E14 /* TTPlayerView.h */ = {isa = PBXFileReference; lastKnownFileType = sourcecode.c.h; path = TTPlayerView.h; sourceTree = "<group>"; };
		C2358FC021F8AA9800298E14 /* TTPlayerView.m */ = {isa = PBXFileReference; lastKnownFileType = sourcecode.c.objc; path = TTPlayerView.m; sourceTree = "<group>"; };
		C2A6AFA021FD74A6002EE4B1 /* WebCacheHelpler.h */ = {isa = PBXFileReference; fileEncoding = 4; lastKnownFileType = sourcecode.c.h; path = WebCacheHelpler.h; sourceTree = "<group>"; };
		C2A6AFA121FD74A7002EE4B1 /* WebCacheHelpler.m */ = {isa = PBXFileReference; fileEncoding = 4; lastKnownFileType = sourcecode.c.objc; path = WebCacheHelpler.m; sourceTree = "<group>"; };
		D059B64721F6A81A004E4FC0 /* UIButton+ButtonStyle.m */ = {isa = PBXFileReference; fileEncoding = 4; lastKnownFileType = sourcecode.c.objc; path = "UIButton+ButtonStyle.m"; sourceTree = "<group>"; };
		D059B64821F6A81B004E4FC0 /* UIButton+ButtonStyle.h */ = {isa = PBXFileReference; fileEncoding = 4; lastKnownFileType = sourcecode.c.h; path = "UIButton+ButtonStyle.h"; sourceTree = "<group>"; };
		D059B64B21F6CFE4004E4FC0 /* TTBaseView.h */ = {isa = PBXFileReference; lastKnownFileType = sourcecode.c.h; path = TTBaseView.h; sourceTree = "<group>"; };
		D059B64C21F6CFE4004E4FC0 /* TTBaseView.m */ = {isa = PBXFileReference; lastKnownFileType = sourcecode.c.objc; path = TTBaseView.m; sourceTree = "<group>"; };
		D059B64E21F6D02E004E4FC0 /* TTBaseViewProtocol.h */ = {isa = PBXFileReference; lastKnownFileType = sourcecode.c.h; path = TTBaseViewProtocol.h; sourceTree = "<group>"; };
		D059B65021F6D07B004E4FC0 /* TTBaseModel.h */ = {isa = PBXFileReference; lastKnownFileType = sourcecode.c.h; path = TTBaseModel.h; sourceTree = "<group>"; };
		D059B65121F6D07B004E4FC0 /* TTBaseModel.m */ = {isa = PBXFileReference; lastKnownFileType = sourcecode.c.objc; path = TTBaseModel.m; sourceTree = "<group>"; };
		D059B65321F6D0D0004E4FC0 /* TTRightItemView.h */ = {isa = PBXFileReference; lastKnownFileType = sourcecode.c.h; path = TTRightItemView.h; sourceTree = "<group>"; };
		D059B65421F6D0D0004E4FC0 /* TTRightItemView.m */ = {isa = PBXFileReference; lastKnownFileType = sourcecode.c.objc; path = TTRightItemView.m; sourceTree = "<group>"; };
		D059B65621F6E6D4004E4FC0 /* Launch Screen.storyboard */ = {isa = PBXFileReference; lastKnownFileType = file.storyboard; path = "Launch Screen.storyboard"; sourceTree = "<group>"; };
		D059B65821F6F766004E4FC0 /* AppDelegate+Category.h */ = {isa = PBXFileReference; lastKnownFileType = sourcecode.c.h; path = "AppDelegate+Category.h"; sourceTree = "<group>"; };
		D059B65921F6F766004E4FC0 /* AppDelegate+Category.m */ = {isa = PBXFileReference; lastKnownFileType = sourcecode.c.objc; path = "AppDelegate+Category.m"; sourceTree = "<group>"; };
		D059B65C21F6FB1B004E4FC0 /* TTHoverViewFlowLayout.h */ = {isa = PBXFileReference; lastKnownFileType = sourcecode.c.h; path = TTHoverViewFlowLayout.h; sourceTree = "<group>"; };
		D059B65D21F6FB1B004E4FC0 /* TTHoverViewFlowLayout.m */ = {isa = PBXFileReference; lastKnownFileType = sourcecode.c.objc; path = TTHoverViewFlowLayout.m; sourceTree = "<group>"; };
		D059B66021F6FC6C004E4FC0 /* TTBaseCollectionViewCell.h */ = {isa = PBXFileReference; lastKnownFileType = sourcecode.c.h; path = TTBaseCollectionViewCell.h; sourceTree = "<group>"; };
		D059B66121F6FC6C004E4FC0 /* TTBaseCollectionViewCell.m */ = {isa = PBXFileReference; lastKnownFileType = sourcecode.c.objc; path = TTBaseCollectionViewCell.m; sourceTree = "<group>"; };
		D059B66321F6FCBD004E4FC0 /* TTBaseCollectionViewCellProtocol.h */ = {isa = PBXFileReference; lastKnownFileType = sourcecode.c.h; path = TTBaseCollectionViewCellProtocol.h; sourceTree = "<group>"; };
		D059B66421F6FD2E004E4FC0 /* TTBaseCollectionReusableView.h */ = {isa = PBXFileReference; lastKnownFileType = sourcecode.c.h; path = TTBaseCollectionReusableView.h; sourceTree = "<group>"; };
		D059B66521F6FD2E004E4FC0 /* TTBaseCollectionReusableView.m */ = {isa = PBXFileReference; lastKnownFileType = sourcecode.c.objc; path = TTBaseCollectionReusableView.m; sourceTree = "<group>"; };
		D059B66A21F6FDFF004E4FC0 /* TTProfileCollectionViewCell.h */ = {isa = PBXFileReference; lastKnownFileType = sourcecode.c.h; path = TTProfileCollectionViewCell.h; sourceTree = "<group>"; };
		D059B66B21F6FDFF004E4FC0 /* TTProfileCollectionViewCell.m */ = {isa = PBXFileReference; lastKnownFileType = sourcecode.c.objc; path = TTProfileCollectionViewCell.m; sourceTree = "<group>"; };
		D059B66D21F6FE38004E4FC0 /* TTProfileHeaderCollectionReusableView.h */ = {isa = PBXFileReference; lastKnownFileType = sourcecode.c.h; path = TTProfileHeaderCollectionReusableView.h; sourceTree = "<group>"; };
		D059B66E21F6FE38004E4FC0 /* TTProfileHeaderCollectionReusableView.m */ = {isa = PBXFileReference; lastKnownFileType = sourcecode.c.objc; path = TTProfileHeaderCollectionReusableView.m; sourceTree = "<group>"; };
		D059B67121F71916004E4FC0 /* TTSlideTabBar.h */ = {isa = PBXFileReference; lastKnownFileType = sourcecode.c.h; path = TTSlideTabBar.h; sourceTree = "<group>"; };
		D059B67221F71916004E4FC0 /* TTSlideTabBar.m */ = {isa = PBXFileReference; lastKnownFileType = sourcecode.c.objc; path = TTSlideTabBar.m; sourceTree = "<group>"; };
		D059B67421F80720004E4FC0 /* TTAwemeModel.h */ = {isa = PBXFileReference; lastKnownFileType = sourcecode.c.h; path = TTAwemeModel.h; sourceTree = "<group>"; };
		D059B67521F80720004E4FC0 /* TTAwemeModel.m */ = {isa = PBXFileReference; lastKnownFileType = sourcecode.c.objc; path = TTAwemeModel.m; sourceTree = "<group>"; };
		D059B67821F84624004E4FC0 /* TTVideoViewController.h */ = {isa = PBXFileReference; lastKnownFileType = sourcecode.c.h; path = TTVideoViewController.h; sourceTree = "<group>"; };
		D059B67921F84624004E4FC0 /* TTVideoViewController.m */ = {isa = PBXFileReference; lastKnownFileType = sourcecode.c.objc; path = TTVideoViewController.m; sourceTree = "<group>"; };
		D059B67D21F84EFC004E4FC0 /* TTBaseTableViewCell.h */ = {isa = PBXFileReference; lastKnownFileType = sourcecode.c.h; path = TTBaseTableViewCell.h; sourceTree = "<group>"; };
		D059B67E21F84EFC004E4FC0 /* TTBaseTableViewCell.m */ = {isa = PBXFileReference; lastKnownFileType = sourcecode.c.objc; path = TTBaseTableViewCell.m; sourceTree = "<group>"; };
		D059B68021F84F10004E4FC0 /* TTBaseTableViewCellProtocol.h */ = {isa = PBXFileReference; lastKnownFileType = sourcecode.c.h; path = TTBaseTableViewCellProtocol.h; sourceTree = "<group>"; };
		D059B68121F84FD2004E4FC0 /* TTHomeTableViewCell.h */ = {isa = PBXFileReference; lastKnownFileType = sourcecode.c.h; path = TTHomeTableViewCell.h; sourceTree = "<group>"; };
		D059B68221F84FD2004E4FC0 /* TTHomeTableViewCell.m */ = {isa = PBXFileReference; lastKnownFileType = sourcecode.c.objc; path = TTHomeTableViewCell.m; sourceTree = "<group>"; };
		D07BB12922056A4D0045482B /* TTLikesView.h */ = {isa = PBXFileReference; lastKnownFileType = sourcecode.c.h; path = TTLikesView.h; sourceTree = "<group>"; };
		D07BB12A22056A4D0045482B /* TTLikesView.m */ = {isa = PBXFileReference; lastKnownFileType = sourcecode.c.objc; path = TTLikesView.m; sourceTree = "<group>"; };
		D08A0BB321F5661C00F8D7D9 /* TikTok.app */ = {isa = PBXFileReference; explicitFileType = wrapper.application; includeInIndex = 0; path = TikTok.app; sourceTree = BUILT_PRODUCTS_DIR; };
		D08A0BB621F5661C00F8D7D9 /* AppDelegate.h */ = {isa = PBXFileReference; lastKnownFileType = sourcecode.c.h; path = AppDelegate.h; sourceTree = "<group>"; };
		D08A0BB721F5661C00F8D7D9 /* AppDelegate.m */ = {isa = PBXFileReference; lastKnownFileType = sourcecode.c.objc; path = AppDelegate.m; sourceTree = "<group>"; };
		D08A0BBF21F5661D00F8D7D9 /* Assets.xcassets */ = {isa = PBXFileReference; lastKnownFileType = folder.assetcatalog; path = Assets.xcassets; sourceTree = "<group>"; };
		D08A0BC421F5661D00F8D7D9 /* Info.plist */ = {isa = PBXFileReference; lastKnownFileType = text.plist.xml; path = Info.plist; sourceTree = "<group>"; };
		D08A0BC521F5661D00F8D7D9 /* main.m */ = {isa = PBXFileReference; lastKnownFileType = sourcecode.c.objc; path = main.m; sourceTree = "<group>"; };
		D08A0BCB21F5661D00F8D7D9 /* TikTokTests.xctest */ = {isa = PBXFileReference; explicitFileType = wrapper.cfbundle; includeInIndex = 0; path = TikTokTests.xctest; sourceTree = BUILT_PRODUCTS_DIR; };
		D08A0BCF21F5661D00F8D7D9 /* TikTokTests.m */ = {isa = PBXFileReference; lastKnownFileType = sourcecode.c.objc; path = TikTokTests.m; sourceTree = "<group>"; };
		D08A0BD121F5661D00F8D7D9 /* Info.plist */ = {isa = PBXFileReference; lastKnownFileType = text.plist.xml; path = Info.plist; sourceTree = "<group>"; };
		D08A0BD621F5661D00F8D7D9 /* TikTokUITests.xctest */ = {isa = PBXFileReference; explicitFileType = wrapper.cfbundle; includeInIndex = 0; path = TikTokUITests.xctest; sourceTree = BUILT_PRODUCTS_DIR; };
		D08A0BDA21F5661D00F8D7D9 /* TikTokUITests.m */ = {isa = PBXFileReference; lastKnownFileType = sourcecode.c.objc; path = TikTokUITests.m; sourceTree = "<group>"; };
		D08A0BDC21F5661E00F8D7D9 /* Info.plist */ = {isa = PBXFileReference; lastKnownFileType = text.plist.xml; path = Info.plist; sourceTree = "<group>"; };
		D08A0BED21F5678800F8D7D9 /* TikTokPrefixHeader.pch */ = {isa = PBXFileReference; lastKnownFileType = sourcecode.c.h; path = TikTokPrefixHeader.pch; sourceTree = "<group>"; };
		D08A0BEF21F5685A00F8D7D9 /* UIView+WDBlocksKit.h */ = {isa = PBXFileReference; fileEncoding = 4; lastKnownFileType = sourcecode.c.h; path = "UIView+WDBlocksKit.h"; sourceTree = "<group>"; };
		D08A0BF021F5685A00F8D7D9 /* NSString+Category.h */ = {isa = PBXFileReference; fileEncoding = 4; lastKnownFileType = sourcecode.c.h; path = "NSString+Category.h"; sourceTree = "<group>"; };
		D08A0BF121F5685A00F8D7D9 /* UIImage+Zip.h */ = {isa = PBXFileReference; fileEncoding = 4; lastKnownFileType = sourcecode.c.h; path = "UIImage+Zip.h"; sourceTree = "<group>"; };
		D08A0BF221F5685A00F8D7D9 /* UIFont+Category.h */ = {isa = PBXFileReference; fileEncoding = 4; lastKnownFileType = sourcecode.c.h; path = "UIFont+Category.h"; sourceTree = "<group>"; };
		D08A0BF321F5685A00F8D7D9 /* UIGestureRecognizer+WDExtension.h */ = {isa = PBXFileReference; fileEncoding = 4; lastKnownFileType = sourcecode.c.h; path = "UIGestureRecognizer+WDExtension.h"; sourceTree = "<group>"; };
		D08A0BF421F5685A00F8D7D9 /* UIImage+ScaleImage.m */ = {isa = PBXFileReference; fileEncoding = 4; lastKnownFileType = sourcecode.c.objc; path = "UIImage+ScaleImage.m"; sourceTree = "<group>"; };
		D08A0BF521F5685A00F8D7D9 /* UIView+Category.m */ = {isa = PBXFileReference; fileEncoding = 4; lastKnownFileType = sourcecode.c.objc; path = "UIView+Category.m"; sourceTree = "<group>"; };
		D08A0BF621F5685A00F8D7D9 /* UIColor+Theme.m */ = {isa = PBXFileReference; fileEncoding = 4; lastKnownFileType = sourcecode.c.objc; path = "UIColor+Theme.m"; sourceTree = "<group>"; };
		D08A0BF721F5685A00F8D7D9 /* UIViewController+WDNavigatonBarAppearance.m */ = {isa = PBXFileReference; fileEncoding = 4; lastKnownFileType = sourcecode.c.objc; path = "UIViewController+WDNavigatonBarAppearance.m"; sourceTree = "<group>"; };
		D08A0BF821F5685A00F8D7D9 /* UIImage+Zip.m */ = {isa = PBXFileReference; fileEncoding = 4; lastKnownFileType = sourcecode.c.objc; path = "UIImage+Zip.m"; sourceTree = "<group>"; };
		D08A0BF921F5685A00F8D7D9 /* NSString+Category.m */ = {isa = PBXFileReference; fileEncoding = 4; lastKnownFileType = sourcecode.c.objc; path = "NSString+Category.m"; sourceTree = "<group>"; };
		D08A0BFA21F5685A00F8D7D9 /* UIView+WDBlocksKit.m */ = {isa = PBXFileReference; fileEncoding = 4; lastKnownFileType = sourcecode.c.objc; path = "UIView+WDBlocksKit.m"; sourceTree = "<group>"; };
		D08A0BFB21F5685A00F8D7D9 /* Foundation+Log.m */ = {isa = PBXFileReference; fileEncoding = 4; lastKnownFileType = sourcecode.c.objc; path = "Foundation+Log.m"; sourceTree = "<group>"; };
		D08A0BFC21F5685A00F8D7D9 /* UIGestureRecognizer+WDExtension.m */ = {isa = PBXFileReference; fileEncoding = 4; lastKnownFileType = sourcecode.c.objc; path = "UIGestureRecognizer+WDExtension.m"; sourceTree = "<group>"; };
		D08A0BFD21F5685A00F8D7D9 /* UIFont+Category.m */ = {isa = PBXFileReference; fileEncoding = 4; lastKnownFileType = sourcecode.c.objc; path = "UIFont+Category.m"; sourceTree = "<group>"; };
		D08A0BFE21F5685A00F8D7D9 /* UIColor+Theme.h */ = {isa = PBXFileReference; fileEncoding = 4; lastKnownFileType = sourcecode.c.h; path = "UIColor+Theme.h"; sourceTree = "<group>"; };
		D08A0BFF21F5685A00F8D7D9 /* UIView+Category.h */ = {isa = PBXFileReference; fileEncoding = 4; lastKnownFileType = sourcecode.c.h; path = "UIView+Category.h"; sourceTree = "<group>"; };
		D08A0C0021F5685A00F8D7D9 /* UIImage+ScaleImage.h */ = {isa = PBXFileReference; fileEncoding = 4; lastKnownFileType = sourcecode.c.h; path = "UIImage+ScaleImage.h"; sourceTree = "<group>"; };
		D08A0C0121F5685A00F8D7D9 /* UIViewController+WDNavigatonBarAppearance.h */ = {isa = PBXFileReference; fileEncoding = 4; lastKnownFileType = sourcecode.c.h; path = "UIViewController+WDNavigatonBarAppearance.h"; sourceTree = "<group>"; };
		D08A0C0E21F568C100F8D7D9 /* TTBaseNavigationViewController.h */ = {isa = PBXFileReference; lastKnownFileType = sourcecode.c.h; path = TTBaseNavigationViewController.h; sourceTree = "<group>"; };
		D08A0C0F21F568C100F8D7D9 /* TTBaseNavigationViewController.m */ = {isa = PBXFileReference; lastKnownFileType = sourcecode.c.objc; path = TTBaseNavigationViewController.m; sourceTree = "<group>"; };
		D08A0C1121F568DB00F8D7D9 /* TTTabBarControllerConfig.h */ = {isa = PBXFileReference; lastKnownFileType = sourcecode.c.h; path = TTTabBarControllerConfig.h; sourceTree = "<group>"; };
		D08A0C1221F568DB00F8D7D9 /* TTTabBarControllerConfig.m */ = {isa = PBXFileReference; lastKnownFileType = sourcecode.c.objc; path = TTTabBarControllerConfig.m; sourceTree = "<group>"; };
		D08A0C1421F569AE00F8D7D9 /* TTRootViewController.h */ = {isa = PBXFileReference; lastKnownFileType = sourcecode.c.h; path = TTRootViewController.h; sourceTree = "<group>"; };
		D08A0C1521F569AE00F8D7D9 /* TTRootViewController.m */ = {isa = PBXFileReference; lastKnownFileType = sourcecode.c.objc; path = TTRootViewController.m; sourceTree = "<group>"; };
		D08A0C1721F56E4600F8D7D9 /* TTCommonConstant.h */ = {isa = PBXFileReference; lastKnownFileType = sourcecode.c.h; path = TTCommonConstant.h; sourceTree = "<group>"; };
		D08A0C1821F56E5900F8D7D9 /* TTColorDefines.h */ = {isa = PBXFileReference; lastKnownFileType = sourcecode.c.h; path = TTColorDefines.h; sourceTree = "<group>"; };
		D08A0C1921F56E6900F8D7D9 /* TTFilesManager.h */ = {isa = PBXFileReference; lastKnownFileType = sourcecode.c.h; path = TTFilesManager.h; sourceTree = "<group>"; };
		D08A0C1F21F572EE00F8D7D9 /* TTBaseViewController.h */ = {isa = PBXFileReference; lastKnownFileType = sourcecode.c.h; path = TTBaseViewController.h; sourceTree = "<group>"; };
		D08A0C2021F572EE00F8D7D9 /* TTBaseViewController.m */ = {isa = PBXFileReference; lastKnownFileType = sourcecode.c.objc; path = TTBaseViewController.m; sourceTree = "<group>"; };
		D08A0C2221F5730F00F8D7D9 /* TTHomeViewController.h */ = {isa = PBXFileReference; lastKnownFileType = sourcecode.c.h; path = TTHomeViewController.h; sourceTree = "<group>"; };
		D08A0C2321F5730F00F8D7D9 /* TTHomeViewController.m */ = {isa = PBXFileReference; lastKnownFileType = sourcecode.c.objc; path = TTHomeViewController.m; sourceTree = "<group>"; };
		D08A0C2521F5732300F8D7D9 /* TTAttentionViewController.h */ = {isa = PBXFileReference; lastKnownFileType = sourcecode.c.h; path = TTAttentionViewController.h; sourceTree = "<group>"; };
		D08A0C2621F5732300F8D7D9 /* TTAttentionViewController.m */ = {isa = PBXFileReference; lastKnownFileType = sourcecode.c.objc; path = TTAttentionViewController.m; sourceTree = "<group>"; };
		D08A0C2821F5732F00F8D7D9 /* TTMessageViewController.h */ = {isa = PBXFileReference; lastKnownFileType = sourcecode.c.h; path = TTMessageViewController.h; sourceTree = "<group>"; };
		D08A0C2921F5732F00F8D7D9 /* TTMessageViewController.m */ = {isa = PBXFileReference; lastKnownFileType = sourcecode.c.objc; path = TTMessageViewController.m; sourceTree = "<group>"; };
		D08A0C2B21F5733B00F8D7D9 /* TTMineViewController.h */ = {isa = PBXFileReference; lastKnownFileType = sourcecode.c.h; path = TTMineViewController.h; sourceTree = "<group>"; };
		D08A0C2C21F5733B00F8D7D9 /* TTMineViewController.m */ = {isa = PBXFileReference; lastKnownFileType = sourcecode.c.objc; path = TTMineViewController.m; sourceTree = "<group>"; };
		D08A0C2E21F5940A00F8D7D9 /* TTPlusButtonSubclass.h */ = {isa = PBXFileReference; lastKnownFileType = sourcecode.c.h; path = TTPlusButtonSubclass.h; sourceTree = "<group>"; };
		D08A0C2F21F5940A00F8D7D9 /* TTPlusButtonSubclass.m */ = {isa = PBXFileReference; lastKnownFileType = sourcecode.c.objc; path = TTPlusButtonSubclass.m; sourceTree = "<group>"; };
		D08A0C3221F594E700F8D7D9 /* TTPublishViewController.h */ = {isa = PBXFileReference; lastKnownFileType = sourcecode.c.h; path = TTPublishViewController.h; sourceTree = "<group>"; };
		D08A0C3321F594E700F8D7D9 /* TTPublishViewController.m */ = {isa = PBXFileReference; lastKnownFileType = sourcecode.c.objc; path = TTPublishViewController.m; sourceTree = "<group>"; };
		D08A0C3621F5BDC900F8D7D9 /* TTTools.h */ = {isa = PBXFileReference; lastKnownFileType = sourcecode.c.h; path = TTTools.h; sourceTree = "<group>"; };
		D08A0C3721F5BDC900F8D7D9 /* TTTools.m */ = {isa = PBXFileReference; lastKnownFileType = sourcecode.c.objc; path = TTTools.m; sourceTree = "<group>"; };
		D0EB58C721F952E700F1AB74 /* TTScrollLabel.h */ = {isa = PBXFileReference; lastKnownFileType = sourcecode.c.h; path = TTScrollLabel.h; sourceTree = "<group>"; };
		D0EB58C821F952E700F1AB74 /* TTScrollLabel.m */ = {isa = PBXFileReference; lastKnownFileType = sourcecode.c.objc; path = TTScrollLabel.m; sourceTree = "<group>"; };
		D0EB58CE21F959BD00F1AB74 /* TTInteractiveTransition.h */ = {isa = PBXFileReference; lastKnownFileType = sourcecode.c.h; path = TTInteractiveTransition.h; sourceTree = "<group>"; };
		D0EB58CF21F959BD00F1AB74 /* TTInteractiveTransition.m */ = {isa = PBXFileReference; lastKnownFileType = sourcecode.c.objc; path = TTInteractiveTransition.m; sourceTree = "<group>"; };
		D0EB58D221F95A9C00F1AB74 /* TTCommentViewController.h */ = {isa = PBXFileReference; lastKnownFileType = sourcecode.c.h; path = TTCommentViewController.h; sourceTree = "<group>"; };
		D0EB58D321F95A9C00F1AB74 /* TTCommentViewController.m */ = {isa = PBXFileReference; lastKnownFileType = sourcecode.c.objc; path = TTCommentViewController.m; sourceTree = "<group>"; };
		D0EB58D821F98F0C00F1AB74 /* TTPresentingAnimator.h */ = {isa = PBXFileReference; lastKnownFileType = sourcecode.c.h; path = TTPresentingAnimator.h; sourceTree = "<group>"; };
		D0EB58D921F98F0C00F1AB74 /* TTPresentingAnimator.m */ = {isa = PBXFileReference; lastKnownFileType = sourcecode.c.objc; path = TTPresentingAnimator.m; sourceTree = "<group>"; };
		D0EB58DB21F98F1B00F1AB74 /* TTDismissingAnimator.h */ = {isa = PBXFileReference; lastKnownFileType = sourcecode.c.h; path = TTDismissingAnimator.h; sourceTree = "<group>"; };
		D0EB58DC21F98F1B00F1AB74 /* TTDismissingAnimator.m */ = {isa = PBXFileReference; lastKnownFileType = sourcecode.c.objc; path = TTDismissingAnimator.m; sourceTree = "<group>"; };
		D0EB58DE21F9975E00F1AB74 /* TTNavigationView.h */ = {isa = PBXFileReference; lastKnownFileType = sourcecode.c.h; path = TTNavigationView.h; sourceTree = "<group>"; };
		D0EB58DF21F9975E00F1AB74 /* TTNavigationView.m */ = {isa = PBXFileReference; lastKnownFileType = sourcecode.c.objc; path = TTNavigationView.m; sourceTree = "<group>"; };
		D0EB58E321F9AE7400F1AB74 /* TTCommentShowView.h */ = {isa = PBXFileReference; lastKnownFileType = sourcecode.c.h; path = TTCommentShowView.h; sourceTree = "<group>"; };
		D0EB58E421F9AE7400F1AB74 /* TTCommentShowView.m */ = {isa = PBXFileReference; lastKnownFileType = sourcecode.c.objc; path = TTCommentShowView.m; sourceTree = "<group>"; };
		D0F18F5C21FA9960007D6AB7 /* TTShareShowView.h */ = {isa = PBXFileReference; lastKnownFileType = sourcecode.c.h; path = TTShareShowView.h; sourceTree = "<group>"; };
		D0F18F5D21FA9960007D6AB7 /* TTShareShowView.m */ = {isa = PBXFileReference; lastKnownFileType = sourcecode.c.objc; path = TTShareShowView.m; sourceTree = "<group>"; };
		D0F18F5F21FAB022007D6AB7 /* TTAnimationButton.h */ = {isa = PBXFileReference; lastKnownFileType = sourcecode.c.h; path = TTAnimationButton.h; sourceTree = "<group>"; };
		D0F18F6021FAB022007D6AB7 /* TTAnimationButton.m */ = {isa = PBXFileReference; lastKnownFileType = sourcecode.c.objc; path = TTAnimationButton.m; sourceTree = "<group>"; };
		D0F18F6221FAFB26007D6AB7 /* TTAVPlayerManager.h */ = {isa = PBXFileReference; lastKnownFileType = sourcecode.c.h; path = TTAVPlayerManager.h; sourceTree = "<group>"; };
		D0F18F6321FAFB26007D6AB7 /* TTAVPlayerManager.m */ = {isa = PBXFileReference; lastKnownFileType = sourcecode.c.objc; path = TTAVPlayerManager.m; sourceTree = "<group>"; };
		F49CC4CCACB7BBA8C4D6B4CF /* Pods-TikTok.release.xcconfig */ = {isa = PBXFileReference; includeInIndex = 1; lastKnownFileType = text.xcconfig; name = "Pods-TikTok.release.xcconfig"; path = "Pods/Target Support Files/Pods-TikTok/Pods-TikTok.release.xcconfig"; sourceTree = "<group>"; };
/* End PBXFileReference section */

/* Begin PBXFrameworksBuildPhase section */
		D08A0BB021F5661C00F8D7D9 /* Frameworks */ = {
			isa = PBXFrameworksBuildPhase;
			buildActionMask = 2147483647;
			files = (
				AD29F15724BE494BC5C33550 /* libPods-TikTok.a in Frameworks */,
			);
			runOnlyForDeploymentPostprocessing = 0;
		};
		D08A0BC821F5661D00F8D7D9 /* Frameworks */ = {
			isa = PBXFrameworksBuildPhase;
			buildActionMask = 2147483647;
			files = (
			);
			runOnlyForDeploymentPostprocessing = 0;
		};
		D08A0BD321F5661D00F8D7D9 /* Frameworks */ = {
			isa = PBXFrameworksBuildPhase;
			buildActionMask = 2147483647;
			files = (
			);
			runOnlyForDeploymentPostprocessing = 0;
		};
/* End PBXFrameworksBuildPhase section */

/* Begin PBXGroup section */
		6A47041093D04950FF018F72 /* Frameworks */ = {
			isa = PBXGroup;
			children = (
				5E68C2798B1D78B1D028181A /* libPods-TikTok.a */,
			);
			name = Frameworks;
			sourceTree = "<group>";
		};
		88E522AB0FD4E490502A9524 /* Pods */ = {
			isa = PBXGroup;
			children = (
				093B1A2D34F4B29600135086 /* Pods-TikTok.debug.xcconfig */,
				F49CC4CCACB7BBA8C4D6B4CF /* Pods-TikTok.release.xcconfig */,
			);
			name = Pods;
			sourceTree = "<group>";
		};
		C2358FB421F74AF100298E14 /* Model */ = {
			isa = PBXGroup;
			children = (
				C2358FB521F74B0200298E14 /* TTUserModel.h */,
				C2358FB621F74B0200298E14 /* TTUserModel.m */,
				D059B67421F80720004E4FC0 /* TTAwemeModel.h */,
				D059B67521F80720004E4FC0 /* TTAwemeModel.m */,
			);
			path = Model;
			sourceTree = "<group>";
		};
		D059B64A21F6CFD7004E4FC0 /* BaseView */ = {
			isa = PBXGroup;
			children = (
				D059B64B21F6CFE4004E4FC0 /* TTBaseView.h */,
				D059B64C21F6CFE4004E4FC0 /* TTBaseView.m */,
				D059B64E21F6D02E004E4FC0 /* TTBaseViewProtocol.h */,
			);
			path = BaseView;
			sourceTree = "<group>";
		};
		D059B64F21F6D067004E4FC0 /* BaseModel */ = {
			isa = PBXGroup;
			children = (
				D059B65021F6D07B004E4FC0 /* TTBaseModel.h */,
				D059B65121F6D07B004E4FC0 /* TTBaseModel.m */,
			);
			path = BaseModel;
			sourceTree = "<group>";
		};
		D059B65B21F6FAEC004E4FC0 /* View */ = {
			isa = PBXGroup;
			children = (
				D059B65C21F6FB1B004E4FC0 /* TTHoverViewFlowLayout.h */,
				D059B65D21F6FB1B004E4FC0 /* TTHoverViewFlowLayout.m */,
				D059B66A21F6FDFF004E4FC0 /* TTProfileCollectionViewCell.h */,
				D059B66B21F6FDFF004E4FC0 /* TTProfileCollectionViewCell.m */,
				D059B66D21F6FE38004E4FC0 /* TTProfileHeaderCollectionReusableView.h */,
				D059B66E21F6FE38004E4FC0 /* TTProfileHeaderCollectionReusableView.m */,
			);
			path = View;
			sourceTree = "<group>";
		};
		D059B65F21F6FC55004E4FC0 /* BaseCollectionView */ = {
			isa = PBXGroup;
			children = (
				D059B66021F6FC6C004E4FC0 /* TTBaseCollectionViewCell.h */,
				D059B66121F6FC6C004E4FC0 /* TTBaseCollectionViewCell.m */,
				D059B66321F6FCBD004E4FC0 /* TTBaseCollectionViewCellProtocol.h */,
				D059B66421F6FD2E004E4FC0 /* TTBaseCollectionReusableView.h */,
				D059B66521F6FD2E004E4FC0 /* TTBaseCollectionReusableView.m */,
			);
			path = BaseCollectionView;
			sourceTree = "<group>";
		};
		D059B67021F718FA004E4FC0 /* View */ = {
			isa = PBXGroup;
			children = (
				D07BB12822056A0C0045482B /* Likes */,
				D0EB58E221F9ADE600F1AB74 /* PopView */,
				D0EB58E121F9980B00F1AB74 /* ItemView */,
				D0EB58CD21F9598A00F1AB74 /* Transition */,
				D0EB58CC21F9596500F1AB74 /* Player */,
				D0EB58CB21F9596500F1AB74 /* RunView */,
				D0EB58CA21F9596500F1AB74 /* SlideBar */,
			);
			path = View;
			sourceTree = "<group>";
		};
		D059B67721F84606004E4FC0 /* Video */ = {
			isa = PBXGroup;
			children = (
				D059B67821F84624004E4FC0 /* TTVideoViewController.h */,
				D059B67921F84624004E4FC0 /* TTVideoViewController.m */,
			);
			path = Video;
			sourceTree = "<group>";
		};
		D059B67B21F84EB6004E4FC0 /* View */ = {
			isa = PBXGroup;
			children = (
				D059B68121F84FD2004E4FC0 /* TTHomeTableViewCell.h */,
				D059B68221F84FD2004E4FC0 /* TTHomeTableViewCell.m */,
				C2358FBC21F8A15900298E14 /* TTMusicAlbumView.h */,
				C2358FBD21F8A15900298E14 /* TTMusicAlbumView.m */,
			);
			path = View;
			sourceTree = "<group>";
		};
		D059B67C21F84EE5004E4FC0 /* BaseTableView */ = {
			isa = PBXGroup;
			children = (
				D059B67D21F84EFC004E4FC0 /* TTBaseTableViewCell.h */,
				D059B67E21F84EFC004E4FC0 /* TTBaseTableViewCell.m */,
				D059B68021F84F10004E4FC0 /* TTBaseTableViewCellProtocol.h */,
			);
			path = BaseTableView;
			sourceTree = "<group>";
		};
		D07BB12822056A0C0045482B /* Likes */ = {
			isa = PBXGroup;
			children = (
				D07BB12922056A4D0045482B /* TTLikesView.h */,
				D07BB12A22056A4D0045482B /* TTLikesView.m */,
			);
			path = Likes;
			sourceTree = "<group>";
		};
		D08A0BAA21F5661C00F8D7D9 = {
			isa = PBXGroup;
			children = (
				D08A0BB521F5661C00F8D7D9 /* TikTok */,
				D08A0BCE21F5661D00F8D7D9 /* TikTokTests */,
				D08A0BD921F5661D00F8D7D9 /* TikTokUITests */,
				D08A0BB421F5661C00F8D7D9 /* Products */,
				88E522AB0FD4E490502A9524 /* Pods */,
				6A47041093D04950FF018F72 /* Frameworks */,
			);
			sourceTree = "<group>";
		};
		D08A0BB421F5661C00F8D7D9 /* Products */ = {
			isa = PBXGroup;
			children = (
				D08A0BB321F5661C00F8D7D9 /* TikTok.app */,
				D08A0BCB21F5661D00F8D7D9 /* TikTokTests.xctest */,
				D08A0BD621F5661D00F8D7D9 /* TikTokUITests.xctest */,
			);
			name = Products;
			sourceTree = "<group>";
		};
		D08A0BB521F5661C00F8D7D9 /* TikTok */ = {
			isa = PBXGroup;
			children = (
				D08A0BE821F5669400F8D7D9 /* Resources */,
				D08A0BE921F566AE00F8D7D9 /* AppDelegate */,
				D08A0BEA21F5670E00F8D7D9 /* Pages */,
				D08A0BEC21F5673A00F8D7D9 /* Utils */,
				D08A0BEB21F5671E00F8D7D9 /* Common */,
				D08A0BC421F5661D00F8D7D9 /* Info.plist */,
			);
			path = TikTok;
			sourceTree = "<group>";
		};
		D08A0BCE21F5661D00F8D7D9 /* TikTokTests */ = {
			isa = PBXGroup;
			children = (
				D08A0BCF21F5661D00F8D7D9 /* TikTokTests.m */,
				D08A0BD121F5661D00F8D7D9 /* Info.plist */,
			);
			path = TikTokTests;
			sourceTree = "<group>";
		};
		D08A0BD921F5661D00F8D7D9 /* TikTokUITests */ = {
			isa = PBXGroup;
			children = (
				D08A0BDA21F5661D00F8D7D9 /* TikTokUITests.m */,
				D08A0BDC21F5661E00F8D7D9 /* Info.plist */,
			);
			path = TikTokUITests;
			sourceTree = "<group>";
		};
		D08A0BE821F5669400F8D7D9 /* Resources */ = {
			isa = PBXGroup;
			children = (
				C2358FBA21F7577300298E14 /* awemes.json */,
				C2358FB821F74B1F00298E14 /* user.json */,
				D08A0BBF21F5661D00F8D7D9 /* Assets.xcassets */,
				D08A0BED21F5678800F8D7D9 /* TikTokPrefixHeader.pch */,
				D059B65621F6E6D4004E4FC0 /* Launch Screen.storyboard */,
			);
			path = Resources;
			sourceTree = "<group>";
		};
		D08A0BE921F566AE00F8D7D9 /* AppDelegate */ = {
			isa = PBXGroup;
			children = (
				D08A0BB621F5661C00F8D7D9 /* AppDelegate.h */,
				D08A0BB721F5661C00F8D7D9 /* AppDelegate.m */,
				D059B65821F6F766004E4FC0 /* AppDelegate+Category.h */,
				D059B65921F6F766004E4FC0 /* AppDelegate+Category.m */,
				D08A0C2E21F5940A00F8D7D9 /* TTPlusButtonSubclass.h */,
				D08A0C2F21F5940A00F8D7D9 /* TTPlusButtonSubclass.m */,
				D08A0BC521F5661D00F8D7D9 /* main.m */,
			);
			path = AppDelegate;
			sourceTree = "<group>";
		};
		D08A0BEA21F5670E00F8D7D9 /* Pages */ = {
			isa = PBXGroup;
			children = (
				D0EB58D121F95A7F00F1AB74 /* Comment */,
				D059B67721F84606004E4FC0 /* Video */,
				D08A0C3121F594D000F8D7D9 /* Publish */,
				D08A0C1C21F572A100F8D7D9 /* Home */,
				D08A0C1B21F572A100F8D7D9 /* Attention */,
				D08A0C1A21F572A100F8D7D9 /* Message */,
				D08A0C1D21F572A100F8D7D9 /* Mine */,
			);
			path = Pages;
			sourceTree = "<group>";
		};
		D08A0BEB21F5671E00F8D7D9 /* Common */ = {
			isa = PBXGroup;
			children = (
				D059B67C21F84EE5004E4FC0 /* BaseTableView */,
				D059B65F21F6FC55004E4FC0 /* BaseCollectionView */,
				D059B64F21F6D067004E4FC0 /* BaseModel */,
				D059B64A21F6CFD7004E4FC0 /* BaseView */,
				D08A0C1E21F572D600F8D7D9 /* BaseController */,
				D08A0C0D21F568A500F8D7D9 /* RootController */,
			);
			path = Common;
			sourceTree = "<group>";
		};
		D08A0BEC21F5673A00F8D7D9 /* Utils */ = {
			isa = PBXGroup;
			children = (
				D059B67021F718FA004E4FC0 /* View */,
				D08A0C3521F5BDB600F8D7D9 /* Tool */,
				D08A0C0C21F5686C00F8D7D9 /* Constant */,
				D08A0BEE21F5685A00F8D7D9 /* Category */,
			);
			path = Utils;
			sourceTree = "<group>";
		};
		D08A0BEE21F5685A00F8D7D9 /* Category */ = {
			isa = PBXGroup;
			children = (
				D08A0BFB21F5685A00F8D7D9 /* Foundation+Log.m */,
				D08A0BEF21F5685A00F8D7D9 /* UIView+WDBlocksKit.h */,
				D08A0BFA21F5685A00F8D7D9 /* UIView+WDBlocksKit.m */,
				D08A0BF021F5685A00F8D7D9 /* NSString+Category.h */,
				D08A0BF921F5685A00F8D7D9 /* NSString+Category.m */,
				D08A0BF121F5685A00F8D7D9 /* UIImage+Zip.h */,
				D08A0BF821F5685A00F8D7D9 /* UIImage+Zip.m */,
				D08A0BF221F5685A00F8D7D9 /* UIFont+Category.h */,
				D08A0BFD21F5685A00F8D7D9 /* UIFont+Category.m */,
				D08A0BF321F5685A00F8D7D9 /* UIGestureRecognizer+WDExtension.h */,
				D08A0BFC21F5685A00F8D7D9 /* UIGestureRecognizer+WDExtension.m */,
				D08A0C0021F5685A00F8D7D9 /* UIImage+ScaleImage.h */,
				D08A0BF421F5685A00F8D7D9 /* UIImage+ScaleImage.m */,
				D08A0BFF21F5685A00F8D7D9 /* UIView+Category.h */,
				D08A0BF521F5685A00F8D7D9 /* UIView+Category.m */,
				D08A0BFE21F5685A00F8D7D9 /* UIColor+Theme.h */,
				D08A0BF621F5685A00F8D7D9 /* UIColor+Theme.m */,
				D08A0C0121F5685A00F8D7D9 /* UIViewController+WDNavigatonBarAppearance.h */,
				D08A0BF721F5685A00F8D7D9 /* UIViewController+WDNavigatonBarAppearance.m */,
			);
			path = Category;
			sourceTree = "<group>";
		};
		D08A0C0C21F5686C00F8D7D9 /* Constant */ = {
			isa = PBXGroup;
			children = (
				D08A0C1721F56E4600F8D7D9 /* TTCommonConstant.h */,
				D08A0C1921F56E6900F8D7D9 /* TTFilesManager.h */,
				D08A0C1821F56E5900F8D7D9 /* TTColorDefines.h */,
			);
			path = Constant;
			sourceTree = "<group>";
		};
		D08A0C0D21F568A500F8D7D9 /* RootController */ = {
			isa = PBXGroup;
			children = (
				D08A0C0E21F568C100F8D7D9 /* TTBaseNavigationViewController.h */,
				D08A0C0F21F568C100F8D7D9 /* TTBaseNavigationViewController.m */,
				D08A0C1121F568DB00F8D7D9 /* TTTabBarControllerConfig.h */,
				D08A0C1221F568DB00F8D7D9 /* TTTabBarControllerConfig.m */,
				D08A0C1421F569AE00F8D7D9 /* TTRootViewController.h */,
				D08A0C1521F569AE00F8D7D9 /* TTRootViewController.m */,
			);
			path = RootController;
			sourceTree = "<group>";
		};
		D08A0C1A21F572A100F8D7D9 /* Message */ = {
			isa = PBXGroup;
			children = (
				D08A0C2821F5732F00F8D7D9 /* TTMessageViewController.h */,
				D08A0C2921F5732F00F8D7D9 /* TTMessageViewController.m */,
			);
			path = Message;
			sourceTree = "<group>";
		};
		D08A0C1B21F572A100F8D7D9 /* Attention */ = {
			isa = PBXGroup;
			children = (
				D08A0C2521F5732300F8D7D9 /* TTAttentionViewController.h */,
				D08A0C2621F5732300F8D7D9 /* TTAttentionViewController.m */,
			);
			path = Attention;
			sourceTree = "<group>";
		};
		D08A0C1C21F572A100F8D7D9 /* Home */ = {
			isa = PBXGroup;
			children = (
				D059B67B21F84EB6004E4FC0 /* View */,
				D08A0C2221F5730F00F8D7D9 /* TTHomeViewController.h */,
				D08A0C2321F5730F00F8D7D9 /* TTHomeViewController.m */,
				D0EB58DE21F9975E00F1AB74 /* TTNavigationView.h */,
				D0EB58DF21F9975E00F1AB74 /* TTNavigationView.m */,
			);
			path = Home;
			sourceTree = "<group>";
		};
		D08A0C1D21F572A100F8D7D9 /* Mine */ = {
			isa = PBXGroup;
			children = (
				C2358FB421F74AF100298E14 /* Model */,
				D059B65B21F6FAEC004E4FC0 /* View */,
				D08A0C2B21F5733B00F8D7D9 /* TTMineViewController.h */,
				D08A0C2C21F5733B00F8D7D9 /* TTMineViewController.m */,
			);
			path = Mine;
			sourceTree = "<group>";
		};
		D08A0C1E21F572D600F8D7D9 /* BaseController */ = {
			isa = PBXGroup;
			children = (
				D08A0C1F21F572EE00F8D7D9 /* TTBaseViewController.h */,
				D08A0C2021F572EE00F8D7D9 /* TTBaseViewController.m */,
			);
			path = BaseController;
			sourceTree = "<group>";
		};
		D08A0C3121F594D000F8D7D9 /* Publish */ = {
			isa = PBXGroup;
			children = (
				D08A0C3221F594E700F8D7D9 /* TTPublishViewController.h */,
				D08A0C3321F594E700F8D7D9 /* TTPublishViewController.m */,
			);
			path = Publish;
			sourceTree = "<group>";
		};
		D08A0C3521F5BDB600F8D7D9 /* Tool */ = {
			isa = PBXGroup;
			children = (
				D059B64821F6A81B004E4FC0 /* UIButton+ButtonStyle.h */,
				D059B64721F6A81A004E4FC0 /* UIButton+ButtonStyle.m */,
				D08A0C3621F5BDC900F8D7D9 /* TTTools.h */,
				D08A0C3721F5BDC900F8D7D9 /* TTTools.m */,
			);
			path = Tool;
			sourceTree = "<group>";
		};
		D0EB58CA21F9596500F1AB74 /* SlideBar */ = {
			isa = PBXGroup;
			children = (
				D059B67121F71916004E4FC0 /* TTSlideTabBar.h */,
				D059B67221F71916004E4FC0 /* TTSlideTabBar.m */,
			);
			path = SlideBar;
			sourceTree = "<group>";
		};
		D0EB58CB21F9596500F1AB74 /* RunView */ = {
			isa = PBXGroup;
			children = (
				D0EB58C721F952E700F1AB74 /* TTScrollLabel.h */,
				D0EB58C821F952E700F1AB74 /* TTScrollLabel.m */,
			);
			path = RunView;
			sourceTree = "<group>";
		};
		D0EB58CC21F9596500F1AB74 /* Player */ = {
			isa = PBXGroup;
			children = (
				C2358FBF21F8AA9800298E14 /* TTPlayerView.h */,
				C2358FC021F8AA9800298E14 /* TTPlayerView.m */,
				D0F18F6221FAFB26007D6AB7 /* TTAVPlayerManager.h */,
				D0F18F6321FAFB26007D6AB7 /* TTAVPlayerManager.m */,
				C2A6AFA021FD74A6002EE4B1 /* WebCacheHelpler.h */,
				C2A6AFA121FD74A7002EE4B1 /* WebCacheHelpler.m */,
			);
			path = Player;
			sourceTree = "<group>";
		};
		D0EB58CD21F9598A00F1AB74 /* Transition */ = {
			isa = PBXGroup;
			children = (
				D0EB58CE21F959BD00F1AB74 /* TTInteractiveTransition.h */,
				D0EB58CF21F959BD00F1AB74 /* TTInteractiveTransition.m */,
				D0EB58D821F98F0C00F1AB74 /* TTPresentingAnimator.h */,
				D0EB58D921F98F0C00F1AB74 /* TTPresentingAnimator.m */,
				D0EB58DB21F98F1B00F1AB74 /* TTDismissingAnimator.h */,
				D0EB58DC21F98F1B00F1AB74 /* TTDismissingAnimator.m */,
			);
			path = Transition;
			sourceTree = "<group>";
		};
		D0EB58D121F95A7F00F1AB74 /* Comment */ = {
			isa = PBXGroup;
			children = (
				D0EB58D221F95A9C00F1AB74 /* TTCommentViewController.h */,
				D0EB58D321F95A9C00F1AB74 /* TTCommentViewController.m */,
			);
			path = Comment;
			sourceTree = "<group>";
		};
		D0EB58E121F9980B00F1AB74 /* ItemView */ = {
			isa = PBXGroup;
			children = (
				D059B65321F6D0D0004E4FC0 /* TTRightItemView.h */,
				D059B65421F6D0D0004E4FC0 /* TTRightItemView.m */,
			);
			path = ItemView;
			sourceTree = "<group>";
		};
		D0EB58E221F9ADE600F1AB74 /* PopView */ = {
			isa = PBXGroup;
			children = (
				D0EB58E321F9AE7400F1AB74 /* TTCommentShowView.h */,
				D0EB58E421F9AE7400F1AB74 /* TTCommentShowView.m */,
				D0F18F5C21FA9960007D6AB7 /* TTShareShowView.h */,
				D0F18F5D21FA9960007D6AB7 /* TTShareShowView.m */,
				D0F18F5F21FAB022007D6AB7 /* TTAnimationButton.h */,
				D0F18F6021FAB022007D6AB7 /* TTAnimationButton.m */,
			);
			path = PopView;
			sourceTree = "<group>";
		};
/* End PBXGroup section */

/* Begin PBXNativeTarget section */
		D08A0BB221F5661C00F8D7D9 /* TikTok */ = {
			isa = PBXNativeTarget;
			buildConfigurationList = D08A0BDF21F5661E00F8D7D9 /* Build configuration list for PBXNativeTarget "TikTok" */;
			buildPhases = (
				20BDBAABC3E839EF3F5D5856 /* [CP] Check Pods Manifest.lock */,
				D08A0BAF21F5661C00F8D7D9 /* Sources */,
				D08A0BB021F5661C00F8D7D9 /* Frameworks */,
				D08A0BB121F5661C00F8D7D9 /* Resources */,
				B9C310B0F73CD6B994DBB3BF /* [CP] Copy Pods Resources */,
			);
			buildRules = (
			);
			dependencies = (
			);
			name = TikTok;
			productName = TikTok;
			productReference = D08A0BB321F5661C00F8D7D9 /* TikTok.app */;
			productType = "com.apple.product-type.application";
		};
		D08A0BCA21F5661D00F8D7D9 /* TikTokTests */ = {
			isa = PBXNativeTarget;
			buildConfigurationList = D08A0BE221F5661E00F8D7D9 /* Build configuration list for PBXNativeTarget "TikTokTests" */;
			buildPhases = (
				D08A0BC721F5661D00F8D7D9 /* Sources */,
				D08A0BC821F5661D00F8D7D9 /* Frameworks */,
				D08A0BC921F5661D00F8D7D9 /* Resources */,
			);
			buildRules = (
			);
			dependencies = (
				D08A0BCD21F5661D00F8D7D9 /* PBXTargetDependency */,
			);
			name = TikTokTests;
			productName = TikTokTests;
			productReference = D08A0BCB21F5661D00F8D7D9 /* TikTokTests.xctest */;
			productType = "com.apple.product-type.bundle.unit-test";
		};
		D08A0BD521F5661D00F8D7D9 /* TikTokUITests */ = {
			isa = PBXNativeTarget;
			buildConfigurationList = D08A0BE521F5661E00F8D7D9 /* Build configuration list for PBXNativeTarget "TikTokUITests" */;
			buildPhases = (
				D08A0BD221F5661D00F8D7D9 /* Sources */,
				D08A0BD321F5661D00F8D7D9 /* Frameworks */,
				D08A0BD421F5661D00F8D7D9 /* Resources */,
			);
			buildRules = (
			);
			dependencies = (
				D08A0BD821F5661D00F8D7D9 /* PBXTargetDependency */,
			);
			name = TikTokUITests;
			productName = TikTokUITests;
			productReference = D08A0BD621F5661D00F8D7D9 /* TikTokUITests.xctest */;
			productType = "com.apple.product-type.bundle.ui-testing";
		};
/* End PBXNativeTarget section */

/* Begin PBXProject section */
		D08A0BAB21F5661C00F8D7D9 /* Project object */ = {
			isa = PBXProject;
			attributes = {
				CLASSPREFIX = TT;
				LastUpgradeCheck = 1010;
				ORGANIZATIONNAME = FaceBook;
				TargetAttributes = {
					D08A0BB221F5661C00F8D7D9 = {
						CreatedOnToolsVersion = 10.1;
					};
					D08A0BCA21F5661D00F8D7D9 = {
						CreatedOnToolsVersion = 10.1;
						TestTargetID = D08A0BB221F5661C00F8D7D9;
					};
					D08A0BD521F5661D00F8D7D9 = {
						CreatedOnToolsVersion = 10.1;
						TestTargetID = D08A0BB221F5661C00F8D7D9;
					};
				};
			};
			buildConfigurationList = D08A0BAE21F5661C00F8D7D9 /* Build configuration list for PBXProject "TikTok" */;
			compatibilityVersion = "Xcode 9.3";
			developmentRegion = en;
			hasScannedForEncodings = 0;
			knownRegions = (
				en,
				Base,
			);
			mainGroup = D08A0BAA21F5661C00F8D7D9;
			productRefGroup = D08A0BB421F5661C00F8D7D9 /* Products */;
			projectDirPath = "";
			projectRoot = "";
			targets = (
				D08A0BB221F5661C00F8D7D9 /* TikTok */,
				D08A0BCA21F5661D00F8D7D9 /* TikTokTests */,
				D08A0BD521F5661D00F8D7D9 /* TikTokUITests */,
			);
		};
/* End PBXProject section */

/* Begin PBXResourcesBuildPhase section */
		D08A0BB121F5661C00F8D7D9 /* Resources */ = {
			isa = PBXResourcesBuildPhase;
			buildActionMask = 2147483647;
			files = (
				C2358FB921F74B1F00298E14 /* user.json in Resources */,
				C2358FBB21F7577300298E14 /* awemes.json in Resources */,
				D059B65721F6E6D4004E4FC0 /* Launch Screen.storyboard in Resources */,
				D08A0BC021F5661D00F8D7D9 /* Assets.xcassets in Resources */,
			);
			runOnlyForDeploymentPostprocessing = 0;
		};
		D08A0BC921F5661D00F8D7D9 /* Resources */ = {
			isa = PBXResourcesBuildPhase;
			buildActionMask = 2147483647;
			files = (
			);
			runOnlyForDeploymentPostprocessing = 0;
		};
		D08A0BD421F5661D00F8D7D9 /* Resources */ = {
			isa = PBXResourcesBuildPhase;
			buildActionMask = 2147483647;
			files = (
			);
			runOnlyForDeploymentPostprocessing = 0;
		};
/* End PBXResourcesBuildPhase section */

/* Begin PBXShellScriptBuildPhase section */
		20BDBAABC3E839EF3F5D5856 /* [CP] Check Pods Manifest.lock */ = {
			isa = PBXShellScriptBuildPhase;
			buildActionMask = 2147483647;
			files = (
			);
			inputPaths = (
				"${PODS_PODFILE_DIR_PATH}/Podfile.lock",
				"${PODS_ROOT}/Manifest.lock",
			);
			name = "[CP] Check Pods Manifest.lock";
			outputPaths = (
				"$(DERIVED_FILE_DIR)/Pods-TikTok-checkManifestLockResult.txt",
			);
			runOnlyForDeploymentPostprocessing = 0;
			shellPath = /bin/sh;
			shellScript = "diff \"${PODS_PODFILE_DIR_PATH}/Podfile.lock\" \"${PODS_ROOT}/Manifest.lock\" > /dev/null\nif [ $? != 0 ] ; then\n    # print error to STDERR\n    echo \"error: The sandbox is not in sync with the Podfile.lock. Run 'pod install' or update your CocoaPods installation.\" >&2\n    exit 1\nfi\n# This output is used by Xcode 'outputs' to avoid re-running this script phase.\necho \"SUCCESS\" > \"${SCRIPT_OUTPUT_FILE_0}\"\n";
			showEnvVarsInLog = 0;
		};
		B9C310B0F73CD6B994DBB3BF /* [CP] Copy Pods Resources */ = {
			isa = PBXShellScriptBuildPhase;
			buildActionMask = 2147483647;
			files = (
			);
			inputPaths = (
				"${SRCROOT}/Pods/Target Support Files/Pods-TikTok/Pods-TikTok-resources.sh",
				"${PODS_ROOT}/IQKeyboardManager/IQKeyboardManager/Resources/IQKeyboardManager.bundle",
				"${PODS_ROOT}/MJRefresh/MJRefresh/MJRefresh.bundle",
			);
			name = "[CP] Copy Pods Resources";
			outputPaths = (
				"${TARGET_BUILD_DIR}/${UNLOCALIZED_RESOURCES_FOLDER_PATH}/IQKeyboardManager.bundle",
				"${TARGET_BUILD_DIR}/${UNLOCALIZED_RESOURCES_FOLDER_PATH}/MJRefresh.bundle",
			);
			runOnlyForDeploymentPostprocessing = 0;
			shellPath = /bin/sh;
			shellScript = "\"${SRCROOT}/Pods/Target Support Files/Pods-TikTok/Pods-TikTok-resources.sh\"\n";
			showEnvVarsInLog = 0;
		};
/* End PBXShellScriptBuildPhase section */

/* Begin PBXSourcesBuildPhase section */
		D08A0BAF21F5661C00F8D7D9 /* Sources */ = {
			isa = PBXSourcesBuildPhase;
			buildActionMask = 2147483647;
			files = (
				D08A0BC621F5661D00F8D7D9 /* main.m in Sources */,
				D08A0C2421F5730F00F8D7D9 /* TTHomeViewController.m in Sources */,
				C2358FBE21F8A15900298E14 /* TTMusicAlbumView.m in Sources */,
				D059B66621F6FD2E004E4FC0 /* TTBaseCollectionReusableView.m in Sources */,
				D08A0C0A21F5685A00F8D7D9 /* UIGestureRecognizer+WDExtension.m in Sources */,
				D0EB58E521F9AE7400F1AB74 /* TTCommentShowView.m in Sources */,
				D08A0C3021F5940A00F8D7D9 /* TTPlusButtonSubclass.m in Sources */,
				D059B65E21F6FB1B004E4FC0 /* TTHoverViewFlowLayout.m in Sources */,
				D059B67F21F84EFC004E4FC0 /* TTBaseTableViewCell.m in Sources */,
				D08A0C1021F568C100F8D7D9 /* TTBaseNavigationViewController.m in Sources */,
				D059B67321F71916004E4FC0 /* TTSlideTabBar.m in Sources */,
				D08A0C2121F572EE00F8D7D9 /* TTBaseViewController.m in Sources */,
				D08A0C0921F5685A00F8D7D9 /* Foundation+Log.m in Sources */,
				D0EB58DD21F98F1B00F1AB74 /* TTDismissingAnimator.m in Sources */,
				D0EB58D021F959BD00F1AB74 /* TTInteractiveTransition.m in Sources */,
				D08A0C0521F5685A00F8D7D9 /* UIViewController+WDNavigatonBarAppearance.m in Sources */,
				D0EB58DA21F98F0C00F1AB74 /* TTPresentingAnimator.m in Sources */,
				D0EB58D421F95A9C00F1AB74 /* TTCommentViewController.m in Sources */,
				D08A0C1321F568DB00F8D7D9 /* TTTabBarControllerConfig.m in Sources */,
				D08A0C0621F5685A00F8D7D9 /* UIImage+Zip.m in Sources */,
				D0F18F6421FAFB26007D6AB7 /* TTAVPlayerManager.m in Sources */,
				D059B67621F80720004E4FC0 /* TTAwemeModel.m in Sources */,
				D08A0C2D21F5733B00F8D7D9 /* TTMineViewController.m in Sources */,
				D059B66C21F6FDFF004E4FC0 /* TTProfileCollectionViewCell.m in Sources */,
				D059B64921F6A81B004E4FC0 /* UIButton+ButtonStyle.m in Sources */,
				D059B67A21F84624004E4FC0 /* TTVideoViewController.m in Sources */,
				D0F18F5E21FA9960007D6AB7 /* TTShareShowView.m in Sources */,
				D08A0C0421F5685A00F8D7D9 /* UIColor+Theme.m in Sources */,
				D08A0C2A21F5732F00F8D7D9 /* TTMessageViewController.m in Sources */,
				D0F18F6121FAB022007D6AB7 /* TTAnimationButton.m in Sources */,
				D059B65221F6D07B004E4FC0 /* TTBaseModel.m in Sources */,
				D059B64D21F6CFE5004E4FC0 /* TTBaseView.m in Sources */,
				D08A0C0B21F5685A00F8D7D9 /* UIFont+Category.m in Sources */,
				D0EB58C921F952E700F1AB74 /* TTScrollLabel.m in Sources */,
				D08A0C3421F594E700F8D7D9 /* TTPublishViewController.m in Sources */,
				D08A0C0821F5685A00F8D7D9 /* UIView+WDBlocksKit.m in Sources */,
				D08A0C0221F5685A00F8D7D9 /* UIImage+ScaleImage.m in Sources */,
				D08A0C2721F5732300F8D7D9 /* TTAttentionViewController.m in Sources */,
				D0EB58E021F9975E00F1AB74 /* TTNavigationView.m in Sources */,
				C2358FC121F8AA9800298E14 /* TTPlayerView.m in Sources */,
				D08A0C0321F5685A00F8D7D9 /* UIView+Category.m in Sources */,
				D059B65A21F6F766004E4FC0 /* AppDelegate+Category.m in Sources */,
				C2A6AFA221FD74A7002EE4B1 /* WebCacheHelpler.m in Sources */,
				D08A0C3821F5BDC900F8D7D9 /* TTTools.m in Sources */,
				D08A0C1621F569AE00F8D7D9 /* TTRootViewController.m in Sources */,
				D059B68321F84FD2004E4FC0 /* TTHomeTableViewCell.m in Sources */,
				C2358FB721F74B0200298E14 /* TTUserModel.m in Sources */,
				D08A0BB821F5661C00F8D7D9 /* AppDelegate.m in Sources */,
				D059B66F21F6FE38004E4FC0 /* TTProfileHeaderCollectionReusableView.m in Sources */,
				D08A0C0721F5685A00F8D7D9 /* NSString+Category.m in Sources */,
				D059B65521F6D0D0004E4FC0 /* TTRightItemView.m in Sources */,
				D059B66221F6FC6C004E4FC0 /* TTBaseCollectionViewCell.m in Sources */,
				D07BB12B22056A4D0045482B /* TTLikesView.m in Sources */,
			);
			runOnlyForDeploymentPostprocessing = 0;
		};
		D08A0BC721F5661D00F8D7D9 /* Sources */ = {
			isa = PBXSourcesBuildPhase;
			buildActionMask = 2147483647;
			files = (
				D08A0BD021F5661D00F8D7D9 /* TikTokTests.m in Sources */,
			);
			runOnlyForDeploymentPostprocessing = 0;
		};
		D08A0BD221F5661D00F8D7D9 /* Sources */ = {
			isa = PBXSourcesBuildPhase;
			buildActionMask = 2147483647;
			files = (
				D08A0BDB21F5661D00F8D7D9 /* TikTokUITests.m in Sources */,
			);
			runOnlyForDeploymentPostprocessing = 0;
		};
/* End PBXSourcesBuildPhase section */

/* Begin PBXTargetDependency section */
		D08A0BCD21F5661D00F8D7D9 /* PBXTargetDependency */ = {
			isa = PBXTargetDependency;
			target = D08A0BB221F5661C00F8D7D9 /* TikTok */;
			targetProxy = D08A0BCC21F5661D00F8D7D9 /* PBXContainerItemProxy */;
		};
		D08A0BD821F5661D00F8D7D9 /* PBXTargetDependency */ = {
			isa = PBXTargetDependency;
			target = D08A0BB221F5661C00F8D7D9 /* TikTok */;
			targetProxy = D08A0BD721F5661D00F8D7D9 /* PBXContainerItemProxy */;
		};
/* End PBXTargetDependency section */

/* Begin XCBuildConfiguration section */
		D08A0BDD21F5661E00F8D7D9 /* Debug */ = {
			isa = XCBuildConfiguration;
			buildSettings = {
				ALWAYS_SEARCH_USER_PATHS = NO;
				CLANG_ANALYZER_NONNULL = YES;
				CLANG_ANALYZER_NUMBER_OBJECT_CONVERSION = YES_AGGRESSIVE;
				CLANG_CXX_LANGUAGE_STANDARD = "gnu++14";
				CLANG_CXX_LIBRARY = "libc++";
				CLANG_ENABLE_MODULES = YES;
				CLANG_ENABLE_OBJC_ARC = YES;
				CLANG_ENABLE_OBJC_WEAK = YES;
				CLANG_WARN_BLOCK_CAPTURE_AUTORELEASING = YES;
				CLANG_WARN_BOOL_CONVERSION = YES;
				CLANG_WARN_COMMA = YES;
				CLANG_WARN_CONSTANT_CONVERSION = YES;
				CLANG_WARN_DEPRECATED_OBJC_IMPLEMENTATIONS = YES;
				CLANG_WARN_DIRECT_OBJC_ISA_USAGE = YES_ERROR;
				CLANG_WARN_DOCUMENTATION_COMMENTS = YES;
				CLANG_WARN_EMPTY_BODY = YES;
				CLANG_WARN_ENUM_CONVERSION = YES;
				CLANG_WARN_INFINITE_RECURSION = YES;
				CLANG_WARN_INT_CONVERSION = YES;
				CLANG_WARN_NON_LITERAL_NULL_CONVERSION = YES;
				CLANG_WARN_OBJC_IMPLICIT_RETAIN_SELF = YES;
				CLANG_WARN_OBJC_LITERAL_CONVERSION = YES;
				CLANG_WARN_OBJC_ROOT_CLASS = YES_ERROR;
				CLANG_WARN_RANGE_LOOP_ANALYSIS = YES;
				CLANG_WARN_STRICT_PROTOTYPES = YES;
				CLANG_WARN_SUSPICIOUS_MOVE = YES;
				CLANG_WARN_UNGUARDED_AVAILABILITY = YES_AGGRESSIVE;
				CLANG_WARN_UNREACHABLE_CODE = YES;
				CLANG_WARN__DUPLICATE_METHOD_MATCH = YES;
				CODE_SIGN_IDENTITY = "iPhone Developer";
				COPY_PHASE_STRIP = NO;
				DEBUG_INFORMATION_FORMAT = dwarf;
				ENABLE_STRICT_OBJC_MSGSEND = YES;
				ENABLE_TESTABILITY = YES;
				GCC_C_LANGUAGE_STANDARD = gnu11;
				GCC_DYNAMIC_NO_PIC = NO;
				GCC_NO_COMMON_BLOCKS = YES;
				GCC_OPTIMIZATION_LEVEL = 0;
				GCC_PREPROCESSOR_DEFINITIONS = (
					"DEBUG=1",
					"$(inherited)",
				);
				GCC_WARN_64_TO_32_BIT_CONVERSION = YES;
				GCC_WARN_ABOUT_RETURN_TYPE = YES_ERROR;
				GCC_WARN_UNDECLARED_SELECTOR = YES;
				GCC_WARN_UNINITIALIZED_AUTOS = YES_AGGRESSIVE;
				GCC_WARN_UNUSED_FUNCTION = YES;
				GCC_WARN_UNUSED_VARIABLE = YES;
				IPHONEOS_DEPLOYMENT_TARGET = 12.1;
				MTL_ENABLE_DEBUG_INFO = INCLUDE_SOURCE;
				MTL_FAST_MATH = YES;
				ONLY_ACTIVE_ARCH = YES;
				SDKROOT = iphoneos;
			};
			name = Debug;
		};
		D08A0BDE21F5661E00F8D7D9 /* Release */ = {
			isa = XCBuildConfiguration;
			buildSettings = {
				ALWAYS_SEARCH_USER_PATHS = NO;
				CLANG_ANALYZER_NONNULL = YES;
				CLANG_ANALYZER_NUMBER_OBJECT_CONVERSION = YES_AGGRESSIVE;
				CLANG_CXX_LANGUAGE_STANDARD = "gnu++14";
				CLANG_CXX_LIBRARY = "libc++";
				CLANG_ENABLE_MODULES = YES;
				CLANG_ENABLE_OBJC_ARC = YES;
				CLANG_ENABLE_OBJC_WEAK = YES;
				CLANG_WARN_BLOCK_CAPTURE_AUTORELEASING = YES;
				CLANG_WARN_BOOL_CONVERSION = YES;
				CLANG_WARN_COMMA = YES;
				CLANG_WARN_CONSTANT_CONVERSION = YES;
				CLANG_WARN_DEPRECATED_OBJC_IMPLEMENTATIONS = YES;
				CLANG_WARN_DIRECT_OBJC_ISA_USAGE = YES_ERROR;
				CLANG_WARN_DOCUMENTATION_COMMENTS = YES;
				CLANG_WARN_EMPTY_BODY = YES;
				CLANG_WARN_ENUM_CONVERSION = YES;
				CLANG_WARN_INFINITE_RECURSION = YES;
				CLANG_WARN_INT_CONVERSION = YES;
				CLANG_WARN_NON_LITERAL_NULL_CONVERSION = YES;
				CLANG_WARN_OBJC_IMPLICIT_RETAIN_SELF = YES;
				CLANG_WARN_OBJC_LITERAL_CONVERSION = YES;
				CLANG_WARN_OBJC_ROOT_CLASS = YES_ERROR;
				CLANG_WARN_RANGE_LOOP_ANALYSIS = YES;
				CLANG_WARN_STRICT_PROTOTYPES = YES;
				CLANG_WARN_SUSPICIOUS_MOVE = YES;
				CLANG_WARN_UNGUARDED_AVAILABILITY = YES_AGGRESSIVE;
				CLANG_WARN_UNREACHABLE_CODE = YES;
				CLANG_WARN__DUPLICATE_METHOD_MATCH = YES;
				CODE_SIGN_IDENTITY = "iPhone Developer";
				COPY_PHASE_STRIP = NO;
				DEBUG_INFORMATION_FORMAT = "dwarf-with-dsym";
				ENABLE_NS_ASSERTIONS = NO;
				ENABLE_STRICT_OBJC_MSGSEND = YES;
				GCC_C_LANGUAGE_STANDARD = gnu11;
				GCC_NO_COMMON_BLOCKS = YES;
				GCC_WARN_64_TO_32_BIT_CONVERSION = YES;
				GCC_WARN_ABOUT_RETURN_TYPE = YES_ERROR;
				GCC_WARN_UNDECLARED_SELECTOR = YES;
				GCC_WARN_UNINITIALIZED_AUTOS = YES_AGGRESSIVE;
				GCC_WARN_UNUSED_FUNCTION = YES;
				GCC_WARN_UNUSED_VARIABLE = YES;
				IPHONEOS_DEPLOYMENT_TARGET = 12.1;
				MTL_ENABLE_DEBUG_INFO = NO;
				MTL_FAST_MATH = YES;
				SDKROOT = iphoneos;
				VALIDATE_PRODUCT = YES;
			};
			name = Release;
		};
		D08A0BE021F5661E00F8D7D9 /* Debug */ = {
			isa = XCBuildConfiguration;
			baseConfigurationReference = 093B1A2D34F4B29600135086 /* Pods-TikTok.debug.xcconfig */;
			buildSettings = {
				ASSETCATALOG_COMPILER_APPICON_NAME = AppIcon;
				CODE_SIGN_STYLE = Automatic;
				DEVELOPMENT_TEAM = 3NJC3EGBWR;
				GCC_PREFIX_HEADER = "$(SRCROOT)/TikTok/Resources/TikTokPrefixHeader.pch";
				INFOPLIST_FILE = TikTok/Info.plist;
				IPHONEOS_DEPLOYMENT_TARGET = 11.0;
				LD_RUNPATH_SEARCH_PATHS = (
					"$(inherited)",
					"@executable_path/Frameworks",
				);
				PRODUCT_BUNDLE_IDENTIFIER = com.shumintao.cn;
				PRODUCT_NAME = "$(TARGET_NAME)";
				TARGETED_DEVICE_FAMILY = 1;
			};
			name = Debug;
		};
		D08A0BE121F5661E00F8D7D9 /* Release */ = {
			isa = XCBuildConfiguration;
			baseConfigurationReference = F49CC4CCACB7BBA8C4D6B4CF /* Pods-TikTok.release.xcconfig */;
			buildSettings = {
				ASSETCATALOG_COMPILER_APPICON_NAME = AppIcon;
				CODE_SIGN_STYLE = Automatic;
				DEVELOPMENT_TEAM = 3NJC3EGBWR;
				GCC_PREFIX_HEADER = "$(SRCROOT)/TikTok/Resources/TikTokPrefixHeader.pch";
				INFOPLIST_FILE = TikTok/Info.plist;
				IPHONEOS_DEPLOYMENT_TARGET = 11.0;
				LD_RUNPATH_SEARCH_PATHS = (
					"$(inherited)",
					"@executable_path/Frameworks",
				);
				PRODUCT_BUNDLE_IDENTIFIER = com.shumintao.cn;
				PRODUCT_NAME = "$(TARGET_NAME)";
				TARGETED_DEVICE_FAMILY = 1;
			};
			name = Release;
		};
		D08A0BE321F5661E00F8D7D9 /* Debug */ = {
			isa = XCBuildConfiguration;
			buildSettings = {
				BUNDLE_LOADER = "$(TEST_HOST)";
				CODE_SIGN_STYLE = Automatic;
				DEVELOPMENT_TEAM = 3NJC3EGBWR;
				INFOPLIST_FILE = TikTokTests/Info.plist;
				LD_RUNPATH_SEARCH_PATHS = (
					"$(inherited)",
					"@executable_path/Frameworks",
					"@loader_path/Frameworks",
				);
				PRODUCT_BUNDLE_IDENTIFIER = FaceBook.TikTokTests;
				PRODUCT_NAME = "$(TARGET_NAME)";
				TARGETED_DEVICE_FAMILY = "1,2";
				TEST_HOST = "$(BUILT_PRODUCTS_DIR)/TikTok.app/TikTok";
			};
			name = Debug;
		};
		D08A0BE421F5661E00F8D7D9 /* Release */ = {
			isa = XCBuildConfiguration;
			buildSettings = {
				BUNDLE_LOADER = "$(TEST_HOST)";
				CODE_SIGN_STYLE = Automatic;
				DEVELOPMENT_TEAM = 3NJC3EGBWR;
				INFOPLIST_FILE = TikTokTests/Info.plist;
				LD_RUNPATH_SEARCH_PATHS = (
					"$(inherited)",
					"@executable_path/Frameworks",
					"@loader_path/Frameworks",
				);
				PRODUCT_BUNDLE_IDENTIFIER = FaceBook.TikTokTests;
				PRODUCT_NAME = "$(TARGET_NAME)";
				TARGETED_DEVICE_FAMILY = "1,2";
				TEST_HOST = "$(BUILT_PRODUCTS_DIR)/TikTok.app/TikTok";
			};
			name = Release;
		};
		D08A0BE621F5661E00F8D7D9 /* Debug */ = {
			isa = XCBuildConfiguration;
			buildSettings = {
				CODE_SIGN_STYLE = Automatic;
				DEVELOPMENT_TEAM = 3NJC3EGBWR;
				INFOPLIST_FILE = TikTokUITests/Info.plist;
				LD_RUNPATH_SEARCH_PATHS = (
					"$(inherited)",
					"@executable_path/Frameworks",
					"@loader_path/Frameworks",
				);
				PRODUCT_BUNDLE_IDENTIFIER = FaceBook.TikTokUITests;
				PRODUCT_NAME = "$(TARGET_NAME)";
				TARGETED_DEVICE_FAMILY = "1,2";
				TEST_TARGET_NAME = TikTok;
			};
			name = Debug;
		};
		D08A0BE721F5661E00F8D7D9 /* Release */ = {
			isa = XCBuildConfiguration;
			buildSettings = {
				CODE_SIGN_STYLE = Automatic;
				DEVELOPMENT_TEAM = 3NJC3EGBWR;
				INFOPLIST_FILE = TikTokUITests/Info.plist;
				LD_RUNPATH_SEARCH_PATHS = (
					"$(inherited)",
					"@executable_path/Frameworks",
					"@loader_path/Frameworks",
				);
				PRODUCT_BUNDLE_IDENTIFIER = FaceBook.TikTokUITests;
				PRODUCT_NAME = "$(TARGET_NAME)";
				TARGETED_DEVICE_FAMILY = "1,2";
				TEST_TARGET_NAME = TikTok;
			};
			name = Release;
		};
/* End XCBuildConfiguration section */

/* Begin XCConfigurationList section */
		D08A0BAE21F5661C00F8D7D9 /* Build configuration list for PBXProject "TikTok" */ = {
			isa = XCConfigurationList;
			buildConfigurations = (
				D08A0BDD21F5661E00F8D7D9 /* Debug */,
				D08A0BDE21F5661E00F8D7D9 /* Release */,
			);
			defaultConfigurationIsVisible = 0;
			defaultConfigurationName = Release;
		};
		D08A0BDF21F5661E00F8D7D9 /* Build configuration list for PBXNativeTarget "TikTok" */ = {
			isa = XCConfigurationList;
			buildConfigurations = (
				D08A0BE021F5661E00F8D7D9 /* Debug */,
				D08A0BE121F5661E00F8D7D9 /* Release */,
			);
			defaultConfigurationIsVisible = 0;
			defaultConfigurationName = Release;
		};
		D08A0BE221F5661E00F8D7D9 /* Build configuration list for PBXNativeTarget "TikTokTests" */ = {
			isa = XCConfigurationList;
			buildConfigurations = (
				D08A0BE321F5661E00F8D7D9 /* Debug */,
				D08A0BE421F5661E00F8D7D9 /* Release */,
			);
			defaultConfigurationIsVisible = 0;
			defaultConfigurationName = Release;
		};
		D08A0BE521F5661E00F8D7D9 /* Build configuration list for PBXNativeTarget "TikTokUITests" */ = {
			isa = XCConfigurationList;
			buildConfigurations = (
				D08A0BE621F5661E00F8D7D9 /* Debug */,
				D08A0BE721F5661E00F8D7D9 /* Release */,
			);
			defaultConfigurationIsVisible = 0;
			defaultConfigurationName = Release;
		};
/* End XCConfigurationList section */
	};
	rootObject = D08A0BAB21F5661C00F8D7D9 /* Project object */;
}
